
Microsoft Visual Studio Solution File, Format Version 12.00
# Visual Studio Version 17
VisualStudioVersion = 17.4.33213.308
MinimumVisualStudioVersion = 10.0.40219.1
Project("{2150E333-8FDC-42A3-9474-1A3956D46DE8}") = "API", "API", "{63502904-E287-434A-8861-7536AA80B5CD}"
EndProject
Project("{2150E333-8FDC-42A3-9474-1A3956D46DE8}") = "Application", "Application", "{1AB6157B-7DD3-4DD5-B03B-AADEDEC2FA7A}"
EndProject
Project("{2150E333-8FDC-42A3-9474-1A3956D46DE8}") = "BackgroundServices", "BackgroundServices", "{06D49B34-2ACC-4C21-93A3-93C60784EA67}"
EndProject
Project("{2150E333-8FDC-42A3-9474-1A3956D46DE8}") = "Data", "Data", "{8C8ADA03-7549-4BD6-B7D4-8B3A9991AA2B}"
EndProject
Project("{2150E333-8FDC-42A3-9474-1A3956D46DE8}") = "DataAccess", "DataAccess", "{51BDE2FC-FCAD-4591-A762-201E9B88A1AB}"
EndProject
Project("{2150E333-8FDC-42A3-9474-1A3956D46DE8}") = "Domain", "Domain", "{303A4C43-E395-4CDD-B612-36B06014FAAF}"
EndProject
Project("{2150E333-8FDC-42A3-9474-1A3956D46DE8}") = "DTO", "DTO", "{1D846457-DA0A-4FCE-93D0-99E26DB819D6}"
EndProject
Project("{2150E333-8FDC-42A3-9474-1A3956D46DE8}") = "Infrastruction", "Infrastruction", "{3BA073DF-3AF5-4FD1-94BE-755B6DFE33DE}"
EndProject
Project("{2150E333-8FDC-42A3-9474-1A3956D46DE8}") = "IoC", "IoC", "{F3D27D7E-37DF-43B9-8159-1B379451698E}"
EndProject
Project("{9A19103F-16F7-4668-BE54-9A1E7A4F7556}") = "FX.Application", "FX.Application\FX.Application.csproj", "{B30AFAD0-EFD9-4F65-B241-806A9F0FD5D8}"
EndProject
Project("{9A19103F-16F7-4668-BE54-9A1E7A4F7556}") = "FX.BackgroundServices", "FX.BackgroundServices\FX.BackgroundServices.csproj", "{EB2A404C-F9C1-470F-B260-47CAF5C50BBA}"
EndProject
Project("{9A19103F-16F7-4668-BE54-9A1E7A4F7556}") = "FX.Data", "FX.Data\FX.Data.csproj", "{EE432DE9-FC96-4DBF-96CB-AC4ADE1E47A9}"
EndProject
Project("{9A19103F-16F7-4668-BE54-9A1E7A4F7556}") = "FX.DataAccess", "FX.DataAccess\FX.DataAccess.csproj", "{D293919E-B92A-448E-9D81-0859E6AA7980}"
EndProject
Project("{9A19103F-16F7-4668-BE54-9A1E7A4F7556}") = "FX.Domain", "FX.Domain\FX.Domain.csproj", "{6A5344B0-AC2C-4B21-9F33-F93A55CC1252}"
EndProject
Project("{9A19103F-16F7-4668-BE54-9A1E7A4F7556}") = "FX.DTO", "FX.DTO\FX.DTO.csproj", "{14E77DA9-AEF9-4A4A-BC3F-F7CD2B4DE1CF}"
EndProject
Project("{9A19103F-16F7-4668-BE54-9A1E7A4F7556}") = "FX.Infrastructure", "FX.Infrastructure\FX.Infrastructure.csproj", "{337BD9DB-CDA6-4953-9FF5-D01D875501BF}"
EndProject
Project("{9A19103F-16F7-4668-BE54-9A1E7A4F7556}") = "FX.IoC", "FX.IoC\FX.IoC.csproj", "{5F4E1958-73C8-41E4-80FA-6832AE0F58AE}"
EndProject
Project("{FAE04EC0-301F-11D3-BF4B-00C04F79EFBC}") = "FX.API", "FX.API\FX.API.csproj", "{50FBC156-A681-4B16-BAA2-393309A4A684}"
EndProject
Global
	GlobalSection(SolutionConfigurationPlatforms) = preSolution
		Debug|Any CPU = Debug|Any CPU
		Release|Any CPU = Release|Any CPU
	EndGlobalSection
	GlobalSection(ProjectConfigurationPlatforms) = postSolution
		{B30AFAD0-EFD9-4F65-B241-806A9F0FD5D8}.Debug|Any CPU.ActiveCfg = Debug|Any CPU
		{B30AFAD0-EFD9-4F65-B241-806A9F0FD5D8}.Debug|Any CPU.Build.0 = Debug|Any CPU
		{B30AFAD0-EFD9-4F65-B241-806A9F0FD5D8}.Release|Any CPU.ActiveCfg = Release|Any CPU
		{B30AFAD0-EFD9-4F65-B241-806A9F0FD5D8}.Release|Any CPU.Build.0 = Release|Any CPU
		{EB2A404C-F9C1-470F-B260-47CAF5C50BBA}.Debug|Any CPU.ActiveCfg = Debug|Any CPU
		{EB2A404C-F9C1-470F-B260-47CAF5C50BBA}.Debug|Any CPU.Build.0 = Debug|Any CPU
		{EB2A404C-F9C1-470F-B260-47CAF5C50BBA}.Release|Any CPU.ActiveCfg = Release|Any CPU
		{EB2A404C-F9C1-470F-B260-47CAF5C50BBA}.Release|Any CPU.Build.0 = Release|Any CPU
		{EE432DE9-FC96-4DBF-96CB-AC4ADE1E47A9}.Debug|Any CPU.ActiveCfg = Debug|Any CPU
		{EE432DE9-FC96-4DBF-96CB-AC4ADE1E47A9}.Debug|Any CPU.Build.0 = Debug|Any CPU
		{EE432DE9-FC96-4DBF-96CB-AC4ADE1E47A9}.Release|Any CPU.ActiveCfg = Release|Any CPU
		{EE432DE9-FC96-4DBF-96CB-AC4ADE1E47A9}.Release|Any CPU.Build.0 = Release|Any CPU
		{D293919E-B92A-448E-9D81-0859E6AA7980}.Debug|Any CPU.ActiveCfg = Debug|Any CPU
		{D293919E-B92A-448E-9D81-0859E6AA7980}.Debug|Any CPU.Build.0 = Debug|Any CPU
		{D293919E-B92A-448E-9D81-0859E6AA7980}.Release|Any CPU.ActiveCfg = Release|Any CPU
		{D293919E-B92A-448E-9D81-0859E6AA7980}.Release|Any CPU.Build.0 = Release|Any CPU
		{6A5344B0-AC2C-4B21-9F33-F93A55CC1252}.Debug|Any CPU.ActiveCfg = Debug|Any CPU
		{6A5344B0-AC2C-4B21-9F33-F93A55CC1252}.Debug|Any CPU.Build.0 = Debug|Any CPU
		{6A5344B0-AC2C-4B21-9F33-F93A55CC1252}.Release|Any CPU.ActiveCfg = Release|Any CPU
		{6A5344B0-AC2C-4B21-9F33-F93A55CC1252}.Release|Any CPU.Build.0 = Release|Any CPU
		{14E77DA9-AEF9-4A4A-BC3F-F7CD2B4DE1CF}.Debug|Any CPU.ActiveCfg = Debug|Any CPU
		{14E77DA9-AEF9-4A4A-BC3F-F7CD2B4DE1CF}.Debug|Any CPU.Build.0 = Debug|Any CPU
		{14E77DA9-AEF9-4A4A-BC3F-F7CD2B4DE1CF}.Release|Any CPU.ActiveCfg = Release|Any CPU
		{14E77DA9-AEF9-4A4A-BC3F-F7CD2B4DE1CF}.Release|Any CPU.Build.0 = Release|Any CPU
		{337BD9DB-CDA6-4953-9FF5-D01D875501BF}.Debug|Any CPU.ActiveCfg = Debug|Any CPU
		{337BD9DB-CDA6-4953-9FF5-D01D875501BF}.Debug|Any CPU.Build.0 = Debug|Any CPU
		{337BD9DB-CDA6-4953-9FF5-D01D875501BF}.Release|Any CPU.ActiveCfg = Release|Any CPU
		{337BD9DB-CDA6-4953-9FF5-D01D875501BF}.Release|Any CPU.Build.0 = Release|Any CPU
		{5F4E1958-73C8-41E4-80FA-6832AE0F58AE}.Debug|Any CPU.ActiveCfg = Debug|Any CPU
		{5F4E1958-73C8-41E4-80FA-6832AE0F58AE}.Debug|Any CPU.Build.0 = Debug|Any CPU
		{5F4E1958-73C8-41E4-80FA-6832AE0F58AE}.Release|Any CPU.ActiveCfg = Release|Any CPU
		{5F4E1958-73C8-41E4-80FA-6832AE0F58AE}.Release|Any CPU.Build.0 = Release|Any CPU
		{50FBC156-A681-4B16-BAA2-393309A4A684}.Debug|Any CPU.ActiveCfg = Debug|Any CPU
		{50FBC156-A681-4B16-BAA2-393309A4A684}.Debug|Any CPU.Build.0 = Debug|Any CPU
		{50FBC156-A681-4B16-BAA2-393309A4A684}.Release|Any CPU.ActiveCfg = Release|Any CPU
		{50FBC156-A681-4B16-BAA2-393309A4A684}.Release|Any CPU.Build.0 = Release|Any CPU
	EndGlobalSection
	GlobalSection(SolutionProperties) = preSolution
		HideSolutionNode = FALSE
	EndGlobalSection
	GlobalSection(NestedProjects) = preSolution
		{B30AFAD0-EFD9-4F65-B241-806A9F0FD5D8} = {1AB6157B-7DD3-4DD5-B03B-AADEDEC2FA7A}
		{EB2A404C-F9C1-470F-B260-47CAF5C50BBA} = {06D49B34-2ACC-4C21-93A3-93C60784EA67}
		{EE432DE9-FC96-4DBF-96CB-AC4ADE1E47A9} = {8C8ADA03-7549-4BD6-B7D4-8B3A9991AA2B}
		{D293919E-B92A-448E-9D81-0859E6AA7980} = {51BDE2FC-FCAD-4591-A762-201E9B88A1AB}
		{6A5344B0-AC2C-4B21-9F33-F93A55CC1252} = {303A4C43-E395-4CDD-B612-36B06014FAAF}
		{14E77DA9-AEF9-4A4A-BC3F-F7CD2B4DE1CF} = {1D846457-DA0A-4FCE-93D0-99E26DB819D6}
		{337BD9DB-CDA6-4953-9FF5-D01D875501BF} = {3BA073DF-3AF5-4FD1-94BE-755B6DFE33DE}
		{5F4E1958-73C8-41E4-80FA-6832AE0F58AE} = {F3D27D7E-37DF-43B9-8159-1B379451698E}
		{50FBC156-A681-4B16-BAA2-393309A4A684} = {63502904-E287-434A-8861-7536AA80B5CD}
	EndGlobalSection
	GlobalSection(ExtensibilityGlobals) = postSolution
		SolutionGuid = {3292D2DE-39AA-4AB1-BC0B-58E41679F2B0}
	EndGlobalSection
EndGlobal
